DEPENDENCIES
  api-umbrella
    git: git://github.com/NREL-cookbooks/api-umbrella.git
    revision: 17880c22357d9cd95f17b8cee4ed9e4be04fe92f
  apt (~> 2.0)
  mongodb
    git: git://github.com/NREL-cookbooks/mongodb.git
    revision: ca5371cd3100c8224b069b938c9b981ebaca4cb9
    branch: rhel7
  omnibus (~> 2.4.12)
  phantomjs (~> 1.0.3)
  python-docutils
    git: git://github.com/NREL-cookbooks/python-docutils.git
    revision: 65238c77e9729cdce238004ffee73ecdd2251121
  vagrant_extras
    git: git://github.com/NREL-cookbooks/vagrant_extras.git
    revision: 36f43d66fa52edd8e7ba297dfd55eecda88aa685

GRAPH
  7-zip (1.0.2)
    windows (>= 1.2.2)
  api-umbrella (0.6.0)
  apt (2.6.0)
  build-essential (2.1.2)
  chef-sugar (2.4.1)
  chef_handler (1.1.6)
  chocolatey (0.2.0)
    windows (~> 1.31)
  homebrew (1.9.2)
  mongodb (0.16.1)
    apt (>= 1.8.2)
    python (>= 0.0.0)
    runit (>= 1.5.0)
    yum (>= 3.0.0)
  omnibus (2.4.12)
    7-zip (~> 1.0)
    build-essential (~> 2.0)
    chef-sugar (~> 2.0)
    homebrew (~> 1.9)
    windows (~> 1.30)
    wix (~> 1.1)
  phantomjs (1.0.3)
    build-essential (>= 0.0.0)
    chocolatey (>= 0.0.0)
  python (1.4.6)
    build-essential (>= 0.0.0)
    yum-epel (>= 0.0.0)
  python-docutils (0.1.0)
    python (>= 0.0.0)
  runit (1.5.10)
    build-essential (>= 0.0.0)
    yum (~> 3.0)
    yum-epel (>= 0.0.0)
  sudo (2.7.1)
  vagrant_extras (0.2.2)
    sudo (>= 0.0.0)
  windows (1.34.8)
    chef_handler (>= 0.0.0)
  wix (1.1.0)
    windows (>= 1.2.2)
  yum (3.4.1)
  yum-epel (0.5.2)
    yum (~> 3.0)
