DEPENDENCIES
  apt (~> 2.0)
  boost (~> 0.2.0)
  golang (~> 1.4.0)
  omnibus (~> 2.2.0)
  python-docutils
    git: git://github.com/NREL-cookbooks/python-docutils.git
    revision: 65238c77e9729cdce238004ffee73ecdd2251121

GRAPH
  7-zip (1.0.2)
    windows (>= 1.2.2)
  apt (2.4.0)
  boost (0.2.0)
    build-essential (>= 0.0.0)
  build-essential (2.0.4)
  chef-sugar (2.0.0)
  chef_handler (1.1.6)
  golang (1.4.0)
  homebrew (1.9.0)
  omnibus (2.2.0)
    7-zip (~> 1.0)
    build-essential (~> 2.0)
    chef-sugar (~> 2.0)
    homebrew (~> 1.5)
    windows (~> 1.30)
    wix (~> 1.1)
  python (1.4.6)
    build-essential (>= 0.0.0)
    yum-epel (>= 0.0.0)
  python-docutils (0.1.0)
    python (>= 0.0.0)
  windows (1.33.1)
    chef_handler (>= 0.0.0)
  wix (1.1.0)
    windows (>= 1.2.2)
  yum (3.2.2)
  yum-epel (0.4.0)
    yum (~> 3.0)
